
Microsoft Visual Studio Solution File, Format Version 12.00
# Visual Studio Version 17
VisualStudioVersion = 17.5.002.0
MinimumVisualStudioVersion = 10.0.40219.1
Project("{9A19103F-16F7-4668-BE54-9A1E7A4F7556}") = "EXERC_06", "EXERC_06.csproj", "{B66509B3-3C1D-4081-9856-21962CA9D48A}"
EndProject
Global
	GlobalSection(SolutionConfigurationPlatforms) = preSolution
		Debug|Any CPU = Debug|Any CPU
		Release|Any CPU = Release|Any CPU
	EndGlobalSection
	GlobalSection(ProjectConfigurationPlatforms) = postSolution
		{B66509B3-3C1D-4081-9856-21962CA9D48A}.Debug|Any CPU.ActiveCfg = Debug|Any CPU
		{B66509B3-3C1D-4081-9856-21962CA9D48A}.Debug|Any CPU.Build.0 = Debug|Any CPU
		{B66509B3-3C1D-4081-9856-21962CA9D48A}.Release|Any CPU.ActiveCfg = Release|Any CPU
		{B66509B3-3C1D-4081-9856-21962CA9D48A}.Release|Any CPU.Build.0 = Release|Any CPU
	EndGlobalSection
	GlobalSection(SolutionProperties) = preSolution
		HideSolutionNode = FALSE
	EndGlobalSection
	GlobalSection(ExtensibilityGlobals) = postSolution
		SolutionGuid = {0DB40EBF-AFF3-438A-910E-EDBF4DBF9DA3}
	EndGlobalSection
EndGlobal
