
Microsoft Visual Studio Solution File, Format Version 12.00
# Visual Studio Version 17
VisualStudioVersion = 17.5.002.0
MinimumVisualStudioVersion = 10.0.40219.1
Project("{9A19103F-16F7-4668-BE54-9A1E7A4F7556}") = "EXERC_04", "EXERC_04.csproj", "{04020716-FDFA-4EEF-B1EE-7652AF7E5486}"
EndProject
Global
	GlobalSection(SolutionConfigurationPlatforms) = preSolution
		Debug|Any CPU = Debug|Any CPU
		Release|Any CPU = Release|Any CPU
	EndGlobalSection
	GlobalSection(ProjectConfigurationPlatforms) = postSolution
		{04020716-FDFA-4EEF-B1EE-7652AF7E5486}.Debug|Any CPU.ActiveCfg = Debug|Any CPU
		{04020716-FDFA-4EEF-B1EE-7652AF7E5486}.Debug|Any CPU.Build.0 = Debug|Any CPU
		{04020716-FDFA-4EEF-B1EE-7652AF7E5486}.Release|Any CPU.ActiveCfg = Release|Any CPU
		{04020716-FDFA-4EEF-B1EE-7652AF7E5486}.Release|Any CPU.Build.0 = Release|Any CPU
	EndGlobalSection
	GlobalSection(SolutionProperties) = preSolution
		HideSolutionNode = FALSE
	EndGlobalSection
	GlobalSection(ExtensibilityGlobals) = postSolution
		SolutionGuid = {E14F6755-1A96-473C-81C5-3E068559AAF6}
	EndGlobalSection
EndGlobal
